
Microsoft Visual Studio Solution File, Format Version 12.00
# Visual Studio Version 16
VisualStudioVersion = 16.0.30621.155
MinimumVisualStudioVersion = 10.0.40219.1
Project("{FAE04EC0-301F-11D3-BF4B-00C04F79EFBC}") = "RentalKendaraan_076", "RentalKendaraan_076\RentalKendaraan_076.csproj", "{88A46EF0-C9B5-4A37-8BFF-BEF3FCBD9BEC}"
EndProject
Global
	GlobalSection(SolutionConfigurationPlatforms) = preSolution
		Debug|Any CPU = Debug|Any CPU
		Release|Any CPU = Release|Any CPU
	EndGlobalSection
	GlobalSection(ProjectConfigurationPlatforms) = postSolution
		{88A46EF0-C9B5-4A37-8BFF-BEF3FCBD9BEC}.Debug|Any CPU.ActiveCfg = Debug|Any CPU
		{88A46EF0-C9B5-4A37-8BFF-BEF3FCBD9BEC}.Debug|Any CPU.Build.0 = Debug|Any CPU
		{88A46EF0-C9B5-4A37-8BFF-BEF3FCBD9BEC}.Release|Any CPU.ActiveCfg = Release|Any CPU
		{88A46EF0-C9B5-4A37-8BFF-BEF3FCBD9BEC}.Release|Any CPU.Build.0 = Release|Any CPU
	EndGlobalSection
	GlobalSection(SolutionProperties) = preSolution
		HideSolutionNode = FALSE
	EndGlobalSection
	GlobalSection(ExtensibilityGlobals) = postSolution
		SolutionGuid = {877253F1-39DC-40E1-A4B6-86D9F7845093}
	EndGlobalSection
EndGlobal
